
Microsoft Visual Studio Solution File, Format Version 12.00
# Visual Studio Version 17
VisualStudioVersion = 17.5.33516.290
MinimumVisualStudioVersion = 10.0.40219.1
Project("{9A19103F-16F7-4668-BE54-9A1E7A4F7556}") = "WebGPUGen", "WebGPUGen\WebGPUGen.csproj", "{C1653A53-2DAA-4DB7-AAE0-167A5D3F7E0C}"
EndProject
Project("{9A19103F-16F7-4668-BE54-9A1E7A4F7556}") = "Evergine.Bindings.WebGPU", "Evergine.Bindings.WebGPU\Evergine.Bindings.WebGPU.csproj", "{EBBA34FA-0B31-4971-BB6F-FE3B055DE5D4}"
EndProject
Project("{9A19103F-16F7-4668-BE54-9A1E7A4F7556}") = "HelloTriangle", "HelloTriangle\HelloTriangle.csproj", "{11F45330-6F71-45A7-B08F-9A14C67F24A0}"
EndProject
Project("{FAE04EC0-301F-11D3-BF4B-00C04F79EFBC}") = "Tests", "Tests\Tests.csproj", "{9C0F5121-9F9B-455E-90E5-BE844D18AC42}"
EndProject
Project("{FAE04EC0-301F-11D3-BF4B-00C04F79EFBC}") = "HelloTriangle-SDL3", "HelloTriangle-SDL3\HelloTriangle-SDL3.csproj", "{B4FB3A51-F5D6-43BB-A4B4-7DE3EEAB2F4B}"
EndProject
Project("{FAE04EC0-301F-11D3-BF4B-00C04F79EFBC}") = "RotatingCube-SDL3", "RotatingCube-SDL3\RotatingCube-SDL3.csproj", "{45DE3E35-A25E-4ED9-8ADA-D5057D05BD32}"
EndProject
Project("{FAE04EC0-301F-11D3-BF4B-00C04F79EFBC}") = "TwoCubes-SDL3", "TwoCubes-SDL3\TwoCubes-SDL3.csproj", "{FFBAF15B-C5E8-41A1-9C10-0CDD2A00E4F2}"
EndProject
Project("{FAE04EC0-301F-11D3-BF4B-00C04F79EFBC}") = "TexturedCube-SDL3", "TexturedCube-SDL3\TexturedCube-SDL3.csproj", "{78DB4296-F0E6-489D-9FAA-0D2D13920B7F}"
EndProject
Global
	GlobalSection(SolutionConfigurationPlatforms) = preSolution
		Debug|Any CPU = Debug|Any CPU
		Release|Any CPU = Release|Any CPU
	EndGlobalSection
	GlobalSection(ProjectConfigurationPlatforms) = postSolution
		{C1653A53-2DAA-4DB7-AAE0-167A5D3F7E0C}.Debug|Any CPU.ActiveCfg = Debug|Any CPU
		{C1653A53-2DAA-4DB7-AAE0-167A5D3F7E0C}.Debug|Any CPU.Build.0 = Debug|Any CPU
		{C1653A53-2DAA-4DB7-AAE0-167A5D3F7E0C}.Release|Any CPU.ActiveCfg = Release|Any CPU
		{C1653A53-2DAA-4DB7-AAE0-167A5D3F7E0C}.Release|Any CPU.Build.0 = Release|Any CPU
		{EBBA34FA-0B31-4971-BB6F-FE3B055DE5D4}.Debug|Any CPU.ActiveCfg = Debug|Any CPU
		{EBBA34FA-0B31-4971-BB6F-FE3B055DE5D4}.Debug|Any CPU.Build.0 = Debug|Any CPU
		{EBBA34FA-0B31-4971-BB6F-FE3B055DE5D4}.Release|Any CPU.ActiveCfg = Release|Any CPU
		{EBBA34FA-0B31-4971-BB6F-FE3B055DE5D4}.Release|Any CPU.Build.0 = Release|Any CPU
		{11F45330-6F71-45A7-B08F-9A14C67F24A0}.Debug|Any CPU.ActiveCfg = Debug|Any CPU
		{11F45330-6F71-45A7-B08F-9A14C67F24A0}.Debug|Any CPU.Build.0 = Debug|Any CPU
		{11F45330-6F71-45A7-B08F-9A14C67F24A0}.Release|Any CPU.ActiveCfg = Release|Any CPU
		{11F45330-6F71-45A7-B08F-9A14C67F24A0}.Release|Any CPU.Build.0 = Release|Any CPU
		{9C0F5121-9F9B-455E-90E5-BE844D18AC42}.Debug|Any CPU.ActiveCfg = Debug|Any CPU
		{9C0F5121-9F9B-455E-90E5-BE844D18AC42}.Debug|Any CPU.Build.0 = Debug|Any CPU
		{9C0F5121-9F9B-455E-90E5-BE844D18AC42}.Release|Any CPU.ActiveCfg = Release|Any CPU
		{9C0F5121-9F9B-455E-90E5-BE844D18AC42}.Release|Any CPU.Build.0 = Release|Any CPU
		{B4FB3A51-F5D6-43BB-A4B4-7DE3EEAB2F4B}.Debug|Any CPU.ActiveCfg = Debug|Any CPU
		{B4FB3A51-F5D6-43BB-A4B4-7DE3EEAB2F4B}.Debug|Any CPU.Build.0 = Debug|Any CPU
		{B4FB3A51-F5D6-43BB-A4B4-7DE3EEAB2F4B}.Release|Any CPU.ActiveCfg = Release|Any CPU
		{B4FB3A51-F5D6-43BB-A4B4-7DE3EEAB2F4B}.Release|Any CPU.Build.0 = Release|Any CPU
		{45DE3E35-A25E-4ED9-8ADA-D5057D05BD32}.Debug|Any CPU.ActiveCfg = Debug|Any CPU
		{45DE3E35-A25E-4ED9-8ADA-D5057D05BD32}.Debug|Any CPU.Build.0 = Debug|Any CPU
		{45DE3E35-A25E-4ED9-8ADA-D5057D05BD32}.Release|Any CPU.ActiveCfg = Release|Any CPU
		{45DE3E35-A25E-4ED9-8ADA-D5057D05BD32}.Release|Any CPU.Build.0 = Release|Any CPU
		{FFBAF15B-C5E8-41A1-9C10-0CDD2A00E4F2}.Debug|Any CPU.ActiveCfg = Debug|Any CPU
		{FFBAF15B-C5E8-41A1-9C10-0CDD2A00E4F2}.Debug|Any CPU.Build.0 = Debug|Any CPU
		{FFBAF15B-C5E8-41A1-9C10-0CDD2A00E4F2}.Release|Any CPU.ActiveCfg = Release|Any CPU
		{FFBAF15B-C5E8-41A1-9C10-0CDD2A00E4F2}.Release|Any CPU.Build.0 = Release|Any CPU
		{78DB4296-F0E6-489D-9FAA-0D2D13920B7F}.Debug|Any CPU.ActiveCfg = Debug|Any CPU
		{78DB4296-F0E6-489D-9FAA-0D2D13920B7F}.Debug|Any CPU.Build.0 = Debug|Any CPU
		{78DB4296-F0E6-489D-9FAA-0D2D13920B7F}.Release|Any CPU.ActiveCfg = Release|Any CPU
		{78DB4296-F0E6-489D-9FAA-0D2D13920B7F}.Release|Any CPU.Build.0 = Release|Any CPU
	EndGlobalSection
	GlobalSection(SolutionProperties) = preSolution
		HideSolutionNode = FALSE
	EndGlobalSection
	GlobalSection(ExtensibilityGlobals) = postSolution
		SolutionGuid = {55F90676-2299-4551-9A77-3EECAAD9E7F5}
	EndGlobalSection
EndGlobal
